
Microsoft Visual Studio Solution File, Format Version 12.00
# Visual Studio Version 17
VisualStudioVersion = 17.6.33829.357
MinimumVisualStudioVersion = 10.0.40219.1
Project("{FAE04EC0-301F-11D3-BF4B-00C04F79EFBC}") = "LibrairieQuartier", "LibrairieQuartier\LibrairieQuartier.csproj", "{FD3DE79F-8B70-4154-A234-4CA84D8B38CD}"
EndProject
Global
	GlobalSection(SolutionConfigurationPlatforms) = preSolution
		Debug|Any CPU = Debug|Any CPU
		Release|Any CPU = Release|Any CPU
	EndGlobalSection
	GlobalSection(ProjectConfigurationPlatforms) = postSolution
		{FD3DE79F-8B70-4154-A234-4CA84D8B38CD}.Debug|Any CPU.ActiveCfg = Debug|Any CPU
		{FD3DE79F-8B70-4154-A234-4CA84D8B38CD}.Debug|Any CPU.Build.0 = Debug|Any CPU
		{FD3DE79F-8B70-4154-A234-4CA84D8B38CD}.Release|Any CPU.ActiveCfg = Release|Any CPU
		{FD3DE79F-8B70-4154-A234-4CA84D8B38CD}.Release|Any CPU.Build.0 = Release|Any CPU
	EndGlobalSection
	GlobalSection(SolutionProperties) = preSolution
		HideSolutionNode = FALSE
	EndGlobalSection
	GlobalSection(ExtensibilityGlobals) = postSolution
		SolutionGuid = {0A16C49E-D075-4097-8638-662F00C6A30B}
	EndGlobalSection
EndGlobal
